
Microsoft Visual Studio Solution File, Format Version 12.00
# Visual Studio 15
VisualStudioVersion = 15.0.26430.13
MinimumVisualStudioVersion = 10.0.40219.1
Project("{FAE04EC0-301F-11D3-BF4B-00C04F79EFBC}") = "6-1-01-DayOfWeek", "6-1-01-DayOfWeek\6-1-01-DayOfWeek.csproj", "{BDB6F21F-9649-4F2E-B7E7-0E07FBD644A0}"
EndProject
Project("{FAE04EC0-301F-11D3-BF4B-00C04F79EFBC}") = "6-1-02-ReverseArrayOfIntegers", "6-1-02-ReverseArrayOfIntegers\6-1-02-ReverseArrayOfIntegers.csproj", "{C17332D6-96FF-4FB8-B35D-94FED822EC90}"
EndProject
Project("{FAE04EC0-301F-11D3-BF4B-00C04F79EFBC}") = "6-1-03-LastK-numbersSumsSequence", "6-1-03-LastK-numbersSumsSequence\6-1-03-LastK-numbersSumsSequence.csproj", "{BD925480-D1B3-4836-B95F-5D1D9265FB9A}"
EndProject
Project("{FAE04EC0-301F-11D3-BF4B-00C04F79EFBC}") = "6-1-04-TripleSum", "6-1-04-TripleSum\6-1-04-TripleSum.csproj", "{16699F83-C0B6-4A31-B8DD-8913BEA1FC36}"
EndProject
Project("{FAE04EC0-301F-11D3-BF4B-00C04F79EFBC}") = "6-1-05-RoundingNumberAwayFromZero", "6-1-05-RoundingNumberAwayFromZero\6-1-05-RoundingNumberAwayFromZero.csproj", "{06D05217-6A85-4DBC-9D24-7FD265415B60}"
EndProject
Project("{FAE04EC0-301F-11D3-BF4B-00C04F79EFBC}") = "6-1-00", "6-1-00\6-1-00.csproj", "{F9418DF7-C899-4539-9303-90FD667ED5BB}"
EndProject
Project("{FAE04EC0-301F-11D3-BF4B-00C04F79EFBC}") = "6-1-06-ReverseAnArrayOfStrings", "6-1-06-ReverseAnArrayOfStrings\6-1-06-ReverseAnArrayOfStrings.csproj", "{636CE176-2252-41B5-972F-66995EC6FA6E}"
EndProject
Project("{FAE04EC0-301F-11D3-BF4B-00C04F79EFBC}") = "6-1-07-SumArrays", "6-1-07-SumArrays\6-1-07-SumArrays.csproj", "{FE239F1C-1F25-4D58-B972-AEDF2698ABC9}"
EndProject
Project("{FAE04EC0-301F-11D3-BF4B-00C04F79EFBC}") = "6-2-01-LargestCommonEnd", "6-2-01-LargestCommonEnd\6-2-01-LargestCommonEnd.csproj", "{D8008061-BD04-45DF-92BD-048E9A21512C}"
EndProject
Project("{FAE04EC0-301F-11D3-BF4B-00C04F79EFBC}") = "6-2-02-RotateAndSum", "6-2-02-RotateAndSum\6-2-02-RotateAndSum.csproj", "{12BA0167-17EC-41DC-B143-E98D0E6A8100}"
EndProject
Project("{FAE04EC0-301F-11D3-BF4B-00C04F79EFBC}") = "6-2-04-SieveOfEratosthenes", "6-2-04-SieveOfEratosthenes\6-2-04-SieveOfEratosthenes.csproj", "{57996730-F628-4E3B-B46A-2CAA2CC2149C}"
EndProject
Project("{FAE04EC0-301F-11D3-BF4B-00C04F79EFBC}") = "6-2-03-FoldAndSum", "6-2-03-FoldAndSum\6-2-03-FoldAndSum.csproj", "{04617B86-DB61-4FB8-9773-C7DEFCDD0CD0}"
EndProject
Project("{FAE04EC0-301F-11D3-BF4B-00C04F79EFBC}") = "6-2-05-CompareChars", "6-2-05-CompareChars\6-2-05-CompareChars.csproj", "{F65FF9DB-1BE7-46D1-89AA-5E37F5A5FF9E}"
EndProject
Project("{FAE04EC0-301F-11D3-BF4B-00C04F79EFBC}") = "6-2-09-IndexOfLetter", "6-2-09-IndexOfLetter\6-2-09-IndexOfLetter.csproj", "{B1CE1462-86EF-4520-9C78-ECD0C40841E6}"
EndProject
Project("{FAE04EC0-301F-11D3-BF4B-00C04F79EFBC}") = "6-1-08-CondenseArray", "6-1-08-CondenseArray\6-1-08-CondenseArray.csproj", "{CE709DEA-74ED-42EB-AAA4-2665F11DD733}"
EndProject
Project("{FAE04EC0-301F-11D3-BF4B-00C04F79EFBC}") = "6-1-09-ExractMidlleElements", "6-1-09-ExractMidlleElements\6-1-09-ExractMidlleElements.csproj", "{8BD9F0CB-9AE0-4016-99E3-452ADEFCDC32}"
EndProject
Project("{FAE04EC0-301F-11D3-BF4B-00C04F79EFBC}") = "6-2-06 MaxSequenceOfEqualElements", "6-2-06 MaxSequenceOfEqualElements\6-2-06 MaxSequenceOfEqualElements.csproj", "{8CA1FD94-A9E6-4C50-922C-407CFC7002A6}"
EndProject
Project("{FAE04EC0-301F-11D3-BF4B-00C04F79EFBC}") = "6-2-07-MaxSequenceOfIncreasingElements", "6-2-07-MaxSequenceOfIncreasingElements\6-2-07-MaxSequenceOfIncreasingElements.csproj", "{808D2FD8-3A46-4941-BADB-0B8BC24EE387}"
EndProject
Project("{FAE04EC0-301F-11D3-BF4B-00C04F79EFBC}") = "6-2-08-MostFrequentNumbers", "6-2-08-MostFrequentNumbers\6-2-08-MostFrequentNumbers.csproj", "{2007483F-14FC-4002-84A2-557B4C8C41E1}"
EndProject
Project("{FAE04EC0-301F-11D3-BF4B-00C04F79EFBC}") = "6-2-10-PairsByDifference", "6-2-10-PairsByDifference\6-2-10-PairsByDifference.csproj", "{409E0835-9478-43D8-977A-7507F66EE056}"
EndProject
Project("{FAE04EC0-301F-11D3-BF4B-00C04F79EFBC}") = "6-3-01-ArrayStatistics", "6-3-01-ArrayStatistics\6-3-01-ArrayStatistics.csproj", "{D21F0A33-6F6B-4F12-8D3F-8D2ADC628AC3}"
EndProject
Project("{FAE04EC0-301F-11D3-BF4B-00C04F79EFBC}") = "6-3-01-ArrayStatistics-ver2", "6-3-01-ArrayStatistics-ver2\6-3-01-ArrayStatistics-ver2.csproj", "{FE13902E-018B-4379-BF5C-AF0D7C21E179}"
EndProject
Project("{FAE04EC0-301F-11D3-BF4B-00C04F79EFBC}") = "6-3-02-ManipulateArray", "6-3-02-ManipulateArray\6-3-02-ManipulateArray.csproj", "{ED305BBD-0203-407F-940A-DD299B2CDCCB}"
EndProject
Project("{FAE04EC0-301F-11D3-BF4B-00C04F79EFBC}") = "6-3-03-SafeManipulation", "6-3-03-SafeManipulation\6-3-03-SafeManipulation.csproj", "{7534A2AB-3BD4-4898-9558-2BC527C5DB8A}"
EndProject
Project("{FAE04EC0-301F-11D3-BF4B-00C04F79EFBC}") = "6-3-04-GrabAndGo", "6-3-04-GrabAndGo\6-3-04-GrabAndGo.csproj", "{8DA1A737-67A5-41D4-AFCA-8EC690C13402}"
EndProject
Project("{FAE04EC0-301F-11D3-BF4B-00C04F79EFBC}") = "6-3-05-PizzaIngredients", "6-3-05-PizzaIngredients\6-3-05-PizzaIngredients.csproj", "{3221CD55-474B-4174-BF37-4BCC5F8CF21B}"
EndProject
Project("{FAE04EC0-301F-11D3-BF4B-00C04F79EFBC}") = "6-3-07-InventoryMatcher", "6-3-07-InventoryMatcher\6-3-07-InventoryMatcher.csproj", "{43BE9650-2278-49E8-BE5D-53D8137EE8B5}"
EndProject
Project("{FAE04EC0-301F-11D3-BF4B-00C04F79EFBC}") = "6-3-05-PizzaIngredients-2", "6-3-05-PizzaIngredients-2\6-3-05-PizzaIngredients-2.csproj", "{9E76F3CD-6DAD-4B94-85EC-A413DA5C4A71}"
EndProject
Project("{FAE04EC0-301F-11D3-BF4B-00C04F79EFBC}") = "6-3-06-Heists", "6-3-06-Heists\6-3-06-Heists.csproj", "{97503D41-E97B-4320-9729-283736B8FCA6}"
EndProject
Global
	GlobalSection(SolutionConfigurationPlatforms) = preSolution
		Debug|Any CPU = Debug|Any CPU
		Debug|ARM = Debug|ARM
		Debug|x64 = Debug|x64
		Debug|x86 = Debug|x86
		Release|Any CPU = Release|Any CPU
		Release|ARM = Release|ARM
		Release|x64 = Release|x64
		Release|x86 = Release|x86
	EndGlobalSection
	GlobalSection(ProjectConfigurationPlatforms) = postSolution
		{BDB6F21F-9649-4F2E-B7E7-0E07FBD644A0}.Debug|Any CPU.ActiveCfg = Debug|Any CPU
		{BDB6F21F-9649-4F2E-B7E7-0E07FBD644A0}.Debug|Any CPU.Build.0 = Debug|Any CPU
		{BDB6F21F-9649-4F2E-B7E7-0E07FBD644A0}.Debug|ARM.ActiveCfg = Debug|Any CPU
		{BDB6F21F-9649-4F2E-B7E7-0E07FBD644A0}.Debug|ARM.Build.0 = Debug|Any CPU
		{BDB6F21F-9649-4F2E-B7E7-0E07FBD644A0}.Debug|x64.ActiveCfg = Debug|Any CPU
		{BDB6F21F-9649-4F2E-B7E7-0E07FBD644A0}.Debug|x64.Build.0 = Debug|Any CPU
		{BDB6F21F-9649-4F2E-B7E7-0E07FBD644A0}.Debug|x86.ActiveCfg = Debug|Any CPU
		{BDB6F21F-9649-4F2E-B7E7-0E07FBD644A0}.Debug|x86.Build.0 = Debug|Any CPU
		{BDB6F21F-9649-4F2E-B7E7-0E07FBD644A0}.Release|Any CPU.ActiveCfg = Release|Any CPU
		{BDB6F21F-9649-4F2E-B7E7-0E07FBD644A0}.Release|Any CPU.Build.0 = Release|Any CPU
		{BDB6F21F-9649-4F2E-B7E7-0E07FBD644A0}.Release|ARM.ActiveCfg = Release|Any CPU
		{BDB6F21F-9649-4F2E-B7E7-0E07FBD644A0}.Release|ARM.Build.0 = Release|Any CPU
		{BDB6F21F-9649-4F2E-B7E7-0E07FBD644A0}.Release|x64.ActiveCfg = Release|Any CPU
		{BDB6F21F-9649-4F2E-B7E7-0E07FBD644A0}.Release|x64.Build.0 = Release|Any CPU
		{BDB6F21F-9649-4F2E-B7E7-0E07FBD644A0}.Release|x86.ActiveCfg = Release|Any CPU
		{BDB6F21F-9649-4F2E-B7E7-0E07FBD644A0}.Release|x86.Build.0 = Release|Any CPU
		{C17332D6-96FF-4FB8-B35D-94FED822EC90}.Debug|Any CPU.ActiveCfg = Debug|Any CPU
		{C17332D6-96FF-4FB8-B35D-94FED822EC90}.Debug|Any CPU.Build.0 = Debug|Any CPU
		{C17332D6-96FF-4FB8-B35D-94FED822EC90}.Debug|ARM.ActiveCfg = Debug|Any CPU
		{C17332D6-96FF-4FB8-B35D-94FED822EC90}.Debug|ARM.Build.0 = Debug|Any CPU
		{C17332D6-96FF-4FB8-B35D-94FED822EC90}.Debug|x64.ActiveCfg = Debug|Any CPU
		{C17332D6-96FF-4FB8-B35D-94FED822EC90}.Debug|x64.Build.0 = Debug|Any CPU
		{C17332D6-96FF-4FB8-B35D-94FED822EC90}.Debug|x86.ActiveCfg = Debug|Any CPU
		{C17332D6-96FF-4FB8-B35D-94FED822EC90}.Debug|x86.Build.0 = Debug|Any CPU
		{C17332D6-96FF-4FB8-B35D-94FED822EC90}.Release|Any CPU.ActiveCfg = Release|Any CPU
		{C17332D6-96FF-4FB8-B35D-94FED822EC90}.Release|Any CPU.Build.0 = Release|Any CPU
		{C17332D6-96FF-4FB8-B35D-94FED822EC90}.Release|ARM.ActiveCfg = Release|Any CPU
		{C17332D6-96FF-4FB8-B35D-94FED822EC90}.Release|ARM.Build.0 = Release|Any CPU
		{C17332D6-96FF-4FB8-B35D-94FED822EC90}.Release|x64.ActiveCfg = Release|Any CPU
		{C17332D6-96FF-4FB8-B35D-94FED822EC90}.Release|x64.Build.0 = Release|Any CPU
		{C17332D6-96FF-4FB8-B35D-94FED822EC90}.Release|x86.ActiveCfg = Release|Any CPU
		{C17332D6-96FF-4FB8-B35D-94FED822EC90}.Release|x86.Build.0 = Release|Any CPU
		{BD925480-D1B3-4836-B95F-5D1D9265FB9A}.Debug|Any CPU.ActiveCfg = Debug|Any CPU
		{BD925480-D1B3-4836-B95F-5D1D9265FB9A}.Debug|Any CPU.Build.0 = Debug|Any CPU
		{BD925480-D1B3-4836-B95F-5D1D9265FB9A}.Debug|ARM.ActiveCfg = Debug|Any CPU
		{BD925480-D1B3-4836-B95F-5D1D9265FB9A}.Debug|ARM.Build.0 = Debug|Any CPU
		{BD925480-D1B3-4836-B95F-5D1D9265FB9A}.Debug|x64.ActiveCfg = Debug|Any CPU
		{BD925480-D1B3-4836-B95F-5D1D9265FB9A}.Debug|x64.Build.0 = Debug|Any CPU
		{BD925480-D1B3-4836-B95F-5D1D9265FB9A}.Debug|x86.ActiveCfg = Debug|Any CPU
		{BD925480-D1B3-4836-B95F-5D1D9265FB9A}.Debug|x86.Build.0 = Debug|Any CPU
		{BD925480-D1B3-4836-B95F-5D1D9265FB9A}.Release|Any CPU.ActiveCfg = Release|Any CPU
		{BD925480-D1B3-4836-B95F-5D1D9265FB9A}.Release|Any CPU.Build.0 = Release|Any CPU
		{BD925480-D1B3-4836-B95F-5D1D9265FB9A}.Release|ARM.ActiveCfg = Release|Any CPU
		{BD925480-D1B3-4836-B95F-5D1D9265FB9A}.Release|ARM.Build.0 = Release|Any CPU
		{BD925480-D1B3-4836-B95F-5D1D9265FB9A}.Release|x64.ActiveCfg = Release|Any CPU
		{BD925480-D1B3-4836-B95F-5D1D9265FB9A}.Release|x64.Build.0 = Release|Any CPU
		{BD925480-D1B3-4836-B95F-5D1D9265FB9A}.Release|x86.ActiveCfg = Release|Any CPU
		{BD925480-D1B3-4836-B95F-5D1D9265FB9A}.Release|x86.Build.0 = Release|Any CPU
		{16699F83-C0B6-4A31-B8DD-8913BEA1FC36}.Debug|Any CPU.ActiveCfg = Debug|Any CPU
		{16699F83-C0B6-4A31-B8DD-8913BEA1FC36}.Debug|Any CPU.Build.0 = Debug|Any CPU
		{16699F83-C0B6-4A31-B8DD-8913BEA1FC36}.Debug|ARM.ActiveCfg = Debug|Any CPU
		{16699F83-C0B6-4A31-B8DD-8913BEA1FC36}.Debug|ARM.Build.0 = Debug|Any CPU
		{16699F83-C0B6-4A31-B8DD-8913BEA1FC36}.Debug|x64.ActiveCfg = Debug|Any CPU
		{16699F83-C0B6-4A31-B8DD-8913BEA1FC36}.Debug|x64.Build.0 = Debug|Any CPU
		{16699F83-C0B6-4A31-B8DD-8913BEA1FC36}.Debug|x86.ActiveCfg = Debug|Any CPU
		{16699F83-C0B6-4A31-B8DD-8913BEA1FC36}.Debug|x86.Build.0 = Debug|Any CPU
		{16699F83-C0B6-4A31-B8DD-8913BEA1FC36}.Release|Any CPU.ActiveCfg = Release|Any CPU
		{16699F83-C0B6-4A31-B8DD-8913BEA1FC36}.Release|Any CPU.Build.0 = Release|Any CPU
		{16699F83-C0B6-4A31-B8DD-8913BEA1FC36}.Release|ARM.ActiveCfg = Release|Any CPU
		{16699F83-C0B6-4A31-B8DD-8913BEA1FC36}.Release|ARM.Build.0 = Release|Any CPU
		{16699F83-C0B6-4A31-B8DD-8913BEA1FC36}.Release|x64.ActiveCfg = Release|Any CPU
		{16699F83-C0B6-4A31-B8DD-8913BEA1FC36}.Release|x64.Build.0 = Release|Any CPU
		{16699F83-C0B6-4A31-B8DD-8913BEA1FC36}.Release|x86.ActiveCfg = Release|Any CPU
		{16699F83-C0B6-4A31-B8DD-8913BEA1FC36}.Release|x86.Build.0 = Release|Any CPU
		{06D05217-6A85-4DBC-9D24-7FD265415B60}.Debug|Any CPU.ActiveCfg = Debug|Any CPU
		{06D05217-6A85-4DBC-9D24-7FD265415B60}.Debug|Any CPU.Build.0 = Debug|Any CPU
		{06D05217-6A85-4DBC-9D24-7FD265415B60}.Debug|ARM.ActiveCfg = Debug|Any CPU
		{06D05217-6A85-4DBC-9D24-7FD265415B60}.Debug|ARM.Build.0 = Debug|Any CPU
		{06D05217-6A85-4DBC-9D24-7FD265415B60}.Debug|x64.ActiveCfg = Debug|Any CPU
		{06D05217-6A85-4DBC-9D24-7FD265415B60}.Debug|x64.Build.0 = Debug|Any CPU
		{06D05217-6A85-4DBC-9D24-7FD265415B60}.Debug|x86.ActiveCfg = Debug|Any CPU
		{06D05217-6A85-4DBC-9D24-7FD265415B60}.Debug|x86.Build.0 = Debug|Any CPU
		{06D05217-6A85-4DBC-9D24-7FD265415B60}.Release|Any CPU.ActiveCfg = Release|Any CPU
		{06D05217-6A85-4DBC-9D24-7FD265415B60}.Release|Any CPU.Build.0 = Release|Any CPU
		{06D05217-6A85-4DBC-9D24-7FD265415B60}.Release|ARM.ActiveCfg = Release|Any CPU
		{06D05217-6A85-4DBC-9D24-7FD265415B60}.Release|ARM.Build.0 = Release|Any CPU
		{06D05217-6A85-4DBC-9D24-7FD265415B60}.Release|x64.ActiveCfg = Release|Any CPU
		{06D05217-6A85-4DBC-9D24-7FD265415B60}.Release|x64.Build.0 = Release|Any CPU
		{06D05217-6A85-4DBC-9D24-7FD265415B60}.Release|x86.ActiveCfg = Release|Any CPU
		{06D05217-6A85-4DBC-9D24-7FD265415B60}.Release|x86.Build.0 = Release|Any CPU
		{F9418DF7-C899-4539-9303-90FD667ED5BB}.Debug|Any CPU.ActiveCfg = Debug|Any CPU
		{F9418DF7-C899-4539-9303-90FD667ED5BB}.Debug|Any CPU.Build.0 = Debug|Any CPU
		{F9418DF7-C899-4539-9303-90FD667ED5BB}.Debug|ARM.ActiveCfg = Debug|Any CPU
		{F9418DF7-C899-4539-9303-90FD667ED5BB}.Debug|ARM.Build.0 = Debug|Any CPU
		{F9418DF7-C899-4539-9303-90FD667ED5BB}.Debug|x64.ActiveCfg = Debug|Any CPU
		{F9418DF7-C899-4539-9303-90FD667ED5BB}.Debug|x64.Build.0 = Debug|Any CPU
		{F9418DF7-C899-4539-9303-90FD667ED5BB}.Debug|x86.ActiveCfg = Debug|Any CPU
		{F9418DF7-C899-4539-9303-90FD667ED5BB}.Debug|x86.Build.0 = Debug|Any CPU
		{F9418DF7-C899-4539-9303-90FD667ED5BB}.Release|Any CPU.ActiveCfg = Release|Any CPU
		{F9418DF7-C899-4539-9303-90FD667ED5BB}.Release|Any CPU.Build.0 = Release|Any CPU
		{F9418DF7-C899-4539-9303-90FD667ED5BB}.Release|ARM.ActiveCfg = Release|Any CPU
		{F9418DF7-C899-4539-9303-90FD667ED5BB}.Release|ARM.Build.0 = Release|Any CPU
		{F9418DF7-C899-4539-9303-90FD667ED5BB}.Release|x64.ActiveCfg = Release|Any CPU
		{F9418DF7-C899-4539-9303-90FD667ED5BB}.Release|x64.Build.0 = Release|Any CPU
		{F9418DF7-C899-4539-9303-90FD667ED5BB}.Release|x86.ActiveCfg = Release|Any CPU
		{F9418DF7-C899-4539-9303-90FD667ED5BB}.Release|x86.Build.0 = Release|Any CPU
		{636CE176-2252-41B5-972F-66995EC6FA6E}.Debug|Any CPU.ActiveCfg = Debug|Any CPU
		{636CE176-2252-41B5-972F-66995EC6FA6E}.Debug|Any CPU.Build.0 = Debug|Any CPU
		{636CE176-2252-41B5-972F-66995EC6FA6E}.Debug|ARM.ActiveCfg = Debug|Any CPU
		{636CE176-2252-41B5-972F-66995EC6FA6E}.Debug|ARM.Build.0 = Debug|Any CPU
		{636CE176-2252-41B5-972F-66995EC6FA6E}.Debug|x64.ActiveCfg = Debug|Any CPU
		{636CE176-2252-41B5-972F-66995EC6FA6E}.Debug|x64.Build.0 = Debug|Any CPU
		{636CE176-2252-41B5-972F-66995EC6FA6E}.Debug|x86.ActiveCfg = Debug|Any CPU
		{636CE176-2252-41B5-972F-66995EC6FA6E}.Debug|x86.Build.0 = Debug|Any CPU
		{636CE176-2252-41B5-972F-66995EC6FA6E}.Release|Any CPU.ActiveCfg = Release|Any CPU
		{636CE176-2252-41B5-972F-66995EC6FA6E}.Release|Any CPU.Build.0 = Release|Any CPU
		{636CE176-2252-41B5-972F-66995EC6FA6E}.Release|ARM.ActiveCfg = Release|Any CPU
		{636CE176-2252-41B5-972F-66995EC6FA6E}.Release|ARM.Build.0 = Release|Any CPU
		{636CE176-2252-41B5-972F-66995EC6FA6E}.Release|x64.ActiveCfg = Release|Any CPU
		{636CE176-2252-41B5-972F-66995EC6FA6E}.Release|x64.Build.0 = Release|Any CPU
		{636CE176-2252-41B5-972F-66995EC6FA6E}.Release|x86.ActiveCfg = Release|Any CPU
		{636CE176-2252-41B5-972F-66995EC6FA6E}.Release|x86.Build.0 = Release|Any CPU
		{FE239F1C-1F25-4D58-B972-AEDF2698ABC9}.Debug|Any CPU.ActiveCfg = Debug|Any CPU
		{FE239F1C-1F25-4D58-B972-AEDF2698ABC9}.Debug|Any CPU.Build.0 = Debug|Any CPU
		{FE239F1C-1F25-4D58-B972-AEDF2698ABC9}.Debug|ARM.ActiveCfg = Debug|Any CPU
		{FE239F1C-1F25-4D58-B972-AEDF2698ABC9}.Debug|ARM.Build.0 = Debug|Any CPU
		{FE239F1C-1F25-4D58-B972-AEDF2698ABC9}.Debug|x64.ActiveCfg = Debug|Any CPU
		{FE239F1C-1F25-4D58-B972-AEDF2698ABC9}.Debug|x64.Build.0 = Debug|Any CPU
		{FE239F1C-1F25-4D58-B972-AEDF2698ABC9}.Debug|x86.ActiveCfg = Debug|Any CPU
		{FE239F1C-1F25-4D58-B972-AEDF2698ABC9}.Debug|x86.Build.0 = Debug|Any CPU
		{FE239F1C-1F25-4D58-B972-AEDF2698ABC9}.Release|Any CPU.ActiveCfg = Release|Any CPU
		{FE239F1C-1F25-4D58-B972-AEDF2698ABC9}.Release|Any CPU.Build.0 = Release|Any CPU
		{FE239F1C-1F25-4D58-B972-AEDF2698ABC9}.Release|ARM.ActiveCfg = Release|Any CPU
		{FE239F1C-1F25-4D58-B972-AEDF2698ABC9}.Release|ARM.Build.0 = Release|Any CPU
		{FE239F1C-1F25-4D58-B972-AEDF2698ABC9}.Release|x64.ActiveCfg = Release|Any CPU
		{FE239F1C-1F25-4D58-B972-AEDF2698ABC9}.Release|x64.Build.0 = Release|Any CPU
		{FE239F1C-1F25-4D58-B972-AEDF2698ABC9}.Release|x86.ActiveCfg = Release|Any CPU
		{FE239F1C-1F25-4D58-B972-AEDF2698ABC9}.Release|x86.Build.0 = Release|Any CPU
		{D8008061-BD04-45DF-92BD-048E9A21512C}.Debug|Any CPU.ActiveCfg = Debug|Any CPU
		{D8008061-BD04-45DF-92BD-048E9A21512C}.Debug|Any CPU.Build.0 = Debug|Any CPU
		{D8008061-BD04-45DF-92BD-048E9A21512C}.Debug|ARM.ActiveCfg = Debug|Any CPU
		{D8008061-BD04-45DF-92BD-048E9A21512C}.Debug|ARM.Build.0 = Debug|Any CPU
		{D8008061-BD04-45DF-92BD-048E9A21512C}.Debug|x64.ActiveCfg = Debug|Any CPU
		{D8008061-BD04-45DF-92BD-048E9A21512C}.Debug|x64.Build.0 = Debug|Any CPU
		{D8008061-BD04-45DF-92BD-048E9A21512C}.Debug|x86.ActiveCfg = Debug|Any CPU
		{D8008061-BD04-45DF-92BD-048E9A21512C}.Debug|x86.Build.0 = Debug|Any CPU
		{D8008061-BD04-45DF-92BD-048E9A21512C}.Release|Any CPU.ActiveCfg = Release|Any CPU
		{D8008061-BD04-45DF-92BD-048E9A21512C}.Release|Any CPU.Build.0 = Release|Any CPU
		{D8008061-BD04-45DF-92BD-048E9A21512C}.Release|ARM.ActiveCfg = Release|Any CPU
		{D8008061-BD04-45DF-92BD-048E9A21512C}.Release|ARM.Build.0 = Release|Any CPU
		{D8008061-BD04-45DF-92BD-048E9A21512C}.Release|x64.ActiveCfg = Release|Any CPU
		{D8008061-BD04-45DF-92BD-048E9A21512C}.Release|x64.Build.0 = Release|Any CPU
		{D8008061-BD04-45DF-92BD-048E9A21512C}.Release|x86.ActiveCfg = Release|Any CPU
		{D8008061-BD04-45DF-92BD-048E9A21512C}.Release|x86.Build.0 = Release|Any CPU
		{12BA0167-17EC-41DC-B143-E98D0E6A8100}.Debug|Any CPU.ActiveCfg = Debug|Any CPU
		{12BA0167-17EC-41DC-B143-E98D0E6A8100}.Debug|Any CPU.Build.0 = Debug|Any CPU
		{12BA0167-17EC-41DC-B143-E98D0E6A8100}.Debug|ARM.ActiveCfg = Debug|Any CPU
		{12BA0167-17EC-41DC-B143-E98D0E6A8100}.Debug|ARM.Build.0 = Debug|Any CPU
		{12BA0167-17EC-41DC-B143-E98D0E6A8100}.Debug|x64.ActiveCfg = Debug|Any CPU
		{12BA0167-17EC-41DC-B143-E98D0E6A8100}.Debug|x64.Build.0 = Debug|Any CPU
		{12BA0167-17EC-41DC-B143-E98D0E6A8100}.Debug|x86.ActiveCfg = Debug|Any CPU
		{12BA0167-17EC-41DC-B143-E98D0E6A8100}.Debug|x86.Build.0 = Debug|Any CPU
		{12BA0167-17EC-41DC-B143-E98D0E6A8100}.Release|Any CPU.ActiveCfg = Release|Any CPU
		{12BA0167-17EC-41DC-B143-E98D0E6A8100}.Release|Any CPU.Build.0 = Release|Any CPU
		{12BA0167-17EC-41DC-B143-E98D0E6A8100}.Release|ARM.ActiveCfg = Release|Any CPU
		{12BA0167-17EC-41DC-B143-E98D0E6A8100}.Release|ARM.Build.0 = Release|Any CPU
		{12BA0167-17EC-41DC-B143-E98D0E6A8100}.Release|x64.ActiveCfg = Release|Any CPU
		{12BA0167-17EC-41DC-B143-E98D0E6A8100}.Release|x64.Build.0 = Release|Any CPU
		{12BA0167-17EC-41DC-B143-E98D0E6A8100}.Release|x86.ActiveCfg = Release|Any CPU
		{12BA0167-17EC-41DC-B143-E98D0E6A8100}.Release|x86.Build.0 = Release|Any CPU
		{57996730-F628-4E3B-B46A-2CAA2CC2149C}.Debug|Any CPU.ActiveCfg = Debug|Any CPU
		{57996730-F628-4E3B-B46A-2CAA2CC2149C}.Debug|Any CPU.Build.0 = Debug|Any CPU
		{57996730-F628-4E3B-B46A-2CAA2CC2149C}.Debug|ARM.ActiveCfg = Debug|Any CPU
		{57996730-F628-4E3B-B46A-2CAA2CC2149C}.Debug|ARM.Build.0 = Debug|Any CPU
		{57996730-F628-4E3B-B46A-2CAA2CC2149C}.Debug|x64.ActiveCfg = Debug|Any CPU
		{57996730-F628-4E3B-B46A-2CAA2CC2149C}.Debug|x64.Build.0 = Debug|Any CPU
		{57996730-F628-4E3B-B46A-2CAA2CC2149C}.Debug|x86.ActiveCfg = Debug|Any CPU
		{57996730-F628-4E3B-B46A-2CAA2CC2149C}.Debug|x86.Build.0 = Debug|Any CPU
		{57996730-F628-4E3B-B46A-2CAA2CC2149C}.Release|Any CPU.ActiveCfg = Release|Any CPU
		{57996730-F628-4E3B-B46A-2CAA2CC2149C}.Release|Any CPU.Build.0 = Release|Any CPU
		{57996730-F628-4E3B-B46A-2CAA2CC2149C}.Release|ARM.ActiveCfg = Release|Any CPU
		{57996730-F628-4E3B-B46A-2CAA2CC2149C}.Release|ARM.Build.0 = Release|Any CPU
		{57996730-F628-4E3B-B46A-2CAA2CC2149C}.Release|x64.ActiveCfg = Release|Any CPU
		{57996730-F628-4E3B-B46A-2CAA2CC2149C}.Release|x64.Build.0 = Release|Any CPU
		{57996730-F628-4E3B-B46A-2CAA2CC2149C}.Release|x86.ActiveCfg = Release|Any CPU
		{57996730-F628-4E3B-B46A-2CAA2CC2149C}.Release|x86.Build.0 = Release|Any CPU
		{04617B86-DB61-4FB8-9773-C7DEFCDD0CD0}.Debug|Any CPU.ActiveCfg = Debug|Any CPU
		{04617B86-DB61-4FB8-9773-C7DEFCDD0CD0}.Debug|Any CPU.Build.0 = Debug|Any CPU
		{04617B86-DB61-4FB8-9773-C7DEFCDD0CD0}.Debug|ARM.ActiveCfg = Debug|Any CPU
		{04617B86-DB61-4FB8-9773-C7DEFCDD0CD0}.Debug|ARM.Build.0 = Debug|Any CPU
		{04617B86-DB61-4FB8-9773-C7DEFCDD0CD0}.Debug|x64.ActiveCfg = Debug|Any CPU
		{04617B86-DB61-4FB8-9773-C7DEFCDD0CD0}.Debug|x64.Build.0 = Debug|Any CPU
		{04617B86-DB61-4FB8-9773-C7DEFCDD0CD0}.Debug|x86.ActiveCfg = Debug|Any CPU
		{04617B86-DB61-4FB8-9773-C7DEFCDD0CD0}.Debug|x86.Build.0 = Debug|Any CPU
		{04617B86-DB61-4FB8-9773-C7DEFCDD0CD0}.Release|Any CPU.ActiveCfg = Release|Any CPU
		{04617B86-DB61-4FB8-9773-C7DEFCDD0CD0}.Release|Any CPU.Build.0 = Release|Any CPU
		{04617B86-DB61-4FB8-9773-C7DEFCDD0CD0}.Release|ARM.ActiveCfg = Release|Any CPU
		{04617B86-DB61-4FB8-9773-C7DEFCDD0CD0}.Release|ARM.Build.0 = Release|Any CPU
		{04617B86-DB61-4FB8-9773-C7DEFCDD0CD0}.Release|x64.ActiveCfg = Release|Any CPU
		{04617B86-DB61-4FB8-9773-C7DEFCDD0CD0}.Release|x64.Build.0 = Release|Any CPU
		{04617B86-DB61-4FB8-9773-C7DEFCDD0CD0}.Release|x86.ActiveCfg = Release|Any CPU
		{04617B86-DB61-4FB8-9773-C7DEFCDD0CD0}.Release|x86.Build.0 = Release|Any CPU
		{F65FF9DB-1BE7-46D1-89AA-5E37F5A5FF9E}.Debug|Any CPU.ActiveCfg = Debug|Any CPU
		{F65FF9DB-1BE7-46D1-89AA-5E37F5A5FF9E}.Debug|Any CPU.Build.0 = Debug|Any CPU
		{F65FF9DB-1BE7-46D1-89AA-5E37F5A5FF9E}.Debug|ARM.ActiveCfg = Debug|Any CPU
		{F65FF9DB-1BE7-46D1-89AA-5E37F5A5FF9E}.Debug|ARM.Build.0 = Debug|Any CPU
		{F65FF9DB-1BE7-46D1-89AA-5E37F5A5FF9E}.Debug|x64.ActiveCfg = Debug|Any CPU
		{F65FF9DB-1BE7-46D1-89AA-5E37F5A5FF9E}.Debug|x64.Build.0 = Debug|Any CPU
		{F65FF9DB-1BE7-46D1-89AA-5E37F5A5FF9E}.Debug|x86.ActiveCfg = Debug|Any CPU
		{F65FF9DB-1BE7-46D1-89AA-5E37F5A5FF9E}.Debug|x86.Build.0 = Debug|Any CPU
		{F65FF9DB-1BE7-46D1-89AA-5E37F5A5FF9E}.Release|Any CPU.ActiveCfg = Release|Any CPU
		{F65FF9DB-1BE7-46D1-89AA-5E37F5A5FF9E}.Release|Any CPU.Build.0 = Release|Any CPU
		{F65FF9DB-1BE7-46D1-89AA-5E37F5A5FF9E}.Release|ARM.ActiveCfg = Release|Any CPU
		{F65FF9DB-1BE7-46D1-89AA-5E37F5A5FF9E}.Release|ARM.Build.0 = Release|Any CPU
		{F65FF9DB-1BE7-46D1-89AA-5E37F5A5FF9E}.Release|x64.ActiveCfg = Release|Any CPU
		{F65FF9DB-1BE7-46D1-89AA-5E37F5A5FF9E}.Release|x64.Build.0 = Release|Any CPU
		{F65FF9DB-1BE7-46D1-89AA-5E37F5A5FF9E}.Release|x86.ActiveCfg = Release|Any CPU
		{F65FF9DB-1BE7-46D1-89AA-5E37F5A5FF9E}.Release|x86.Build.0 = Release|Any CPU
		{B1CE1462-86EF-4520-9C78-ECD0C40841E6}.Debug|Any CPU.ActiveCfg = Debug|Any CPU
		{B1CE1462-86EF-4520-9C78-ECD0C40841E6}.Debug|Any CPU.Build.0 = Debug|Any CPU
		{B1CE1462-86EF-4520-9C78-ECD0C40841E6}.Debug|ARM.ActiveCfg = Debug|Any CPU
		{B1CE1462-86EF-4520-9C78-ECD0C40841E6}.Debug|ARM.Build.0 = Debug|Any CPU
		{B1CE1462-86EF-4520-9C78-ECD0C40841E6}.Debug|x64.ActiveCfg = Debug|Any CPU
		{B1CE1462-86EF-4520-9C78-ECD0C40841E6}.Debug|x64.Build.0 = Debug|Any CPU
		{B1CE1462-86EF-4520-9C78-ECD0C40841E6}.Debug|x86.ActiveCfg = Debug|Any CPU
		{B1CE1462-86EF-4520-9C78-ECD0C40841E6}.Debug|x86.Build.0 = Debug|Any CPU
		{B1CE1462-86EF-4520-9C78-ECD0C40841E6}.Release|Any CPU.ActiveCfg = Release|Any CPU
		{B1CE1462-86EF-4520-9C78-ECD0C40841E6}.Release|Any CPU.Build.0 = Release|Any CPU
		{B1CE1462-86EF-4520-9C78-ECD0C40841E6}.Release|ARM.ActiveCfg = Release|Any CPU
		{B1CE1462-86EF-4520-9C78-ECD0C40841E6}.Release|ARM.Build.0 = Release|Any CPU
		{B1CE1462-86EF-4520-9C78-ECD0C40841E6}.Release|x64.ActiveCfg = Release|Any CPU
		{B1CE1462-86EF-4520-9C78-ECD0C40841E6}.Release|x64.Build.0 = Release|Any CPU
		{B1CE1462-86EF-4520-9C78-ECD0C40841E6}.Release|x86.ActiveCfg = Release|Any CPU
		{B1CE1462-86EF-4520-9C78-ECD0C40841E6}.Release|x86.Build.0 = Release|Any CPU
		{CE709DEA-74ED-42EB-AAA4-2665F11DD733}.Debug|Any CPU.ActiveCfg = Debug|Any CPU
		{CE709DEA-74ED-42EB-AAA4-2665F11DD733}.Debug|Any CPU.Build.0 = Debug|Any CPU
		{CE709DEA-74ED-42EB-AAA4-2665F11DD733}.Debug|ARM.ActiveCfg = Debug|Any CPU
		{CE709DEA-74ED-42EB-AAA4-2665F11DD733}.Debug|ARM.Build.0 = Debug|Any CPU
		{CE709DEA-74ED-42EB-AAA4-2665F11DD733}.Debug|x64.ActiveCfg = Debug|Any CPU
		{CE709DEA-74ED-42EB-AAA4-2665F11DD733}.Debug|x64.Build.0 = Debug|Any CPU
		{CE709DEA-74ED-42EB-AAA4-2665F11DD733}.Debug|x86.ActiveCfg = Debug|Any CPU
		{CE709DEA-74ED-42EB-AAA4-2665F11DD733}.Debug|x86.Build.0 = Debug|Any CPU
		{CE709DEA-74ED-42EB-AAA4-2665F11DD733}.Release|Any CPU.ActiveCfg = Release|Any CPU
		{CE709DEA-74ED-42EB-AAA4-2665F11DD733}.Release|Any CPU.Build.0 = Release|Any CPU
		{CE709DEA-74ED-42EB-AAA4-2665F11DD733}.Release|ARM.ActiveCfg = Release|Any CPU
		{CE709DEA-74ED-42EB-AAA4-2665F11DD733}.Release|ARM.Build.0 = Release|Any CPU
		{CE709DEA-74ED-42EB-AAA4-2665F11DD733}.Release|x64.ActiveCfg = Release|Any CPU
		{CE709DEA-74ED-42EB-AAA4-2665F11DD733}.Release|x64.Build.0 = Release|Any CPU
		{CE709DEA-74ED-42EB-AAA4-2665F11DD733}.Release|x86.ActiveCfg = Release|Any CPU
		{CE709DEA-74ED-42EB-AAA4-2665F11DD733}.Release|x86.Build.0 = Release|Any CPU
		{8BD9F0CB-9AE0-4016-99E3-452ADEFCDC32}.Debug|Any CPU.ActiveCfg = Debug|Any CPU
		{8BD9F0CB-9AE0-4016-99E3-452ADEFCDC32}.Debug|Any CPU.Build.0 = Debug|Any CPU
		{8BD9F0CB-9AE0-4016-99E3-452ADEFCDC32}.Debug|ARM.ActiveCfg = Debug|Any CPU
		{8BD9F0CB-9AE0-4016-99E3-452ADEFCDC32}.Debug|ARM.Build.0 = Debug|Any CPU
		{8BD9F0CB-9AE0-4016-99E3-452ADEFCDC32}.Debug|x64.ActiveCfg = Debug|Any CPU
		{8BD9F0CB-9AE0-4016-99E3-452ADEFCDC32}.Debug|x64.Build.0 = Debug|Any CPU
		{8BD9F0CB-9AE0-4016-99E3-452ADEFCDC32}.Debug|x86.ActiveCfg = Debug|Any CPU
		{8BD9F0CB-9AE0-4016-99E3-452ADEFCDC32}.Debug|x86.Build.0 = Debug|Any CPU
		{8BD9F0CB-9AE0-4016-99E3-452ADEFCDC32}.Release|Any CPU.ActiveCfg = Release|Any CPU
		{8BD9F0CB-9AE0-4016-99E3-452ADEFCDC32}.Release|Any CPU.Build.0 = Release|Any CPU
		{8BD9F0CB-9AE0-4016-99E3-452ADEFCDC32}.Release|ARM.ActiveCfg = Release|Any CPU
		{8BD9F0CB-9AE0-4016-99E3-452ADEFCDC32}.Release|ARM.Build.0 = Release|Any CPU
		{8BD9F0CB-9AE0-4016-99E3-452ADEFCDC32}.Release|x64.ActiveCfg = Release|Any CPU
		{8BD9F0CB-9AE0-4016-99E3-452ADEFCDC32}.Release|x64.Build.0 = Release|Any CPU
		{8BD9F0CB-9AE0-4016-99E3-452ADEFCDC32}.Release|x86.ActiveCfg = Release|Any CPU
		{8BD9F0CB-9AE0-4016-99E3-452ADEFCDC32}.Release|x86.Build.0 = Release|Any CPU
		{8CA1FD94-A9E6-4C50-922C-407CFC7002A6}.Debug|Any CPU.ActiveCfg = Debug|Any CPU
		{8CA1FD94-A9E6-4C50-922C-407CFC7002A6}.Debug|Any CPU.Build.0 = Debug|Any CPU
		{8CA1FD94-A9E6-4C50-922C-407CFC7002A6}.Debug|ARM.ActiveCfg = Debug|Any CPU
		{8CA1FD94-A9E6-4C50-922C-407CFC7002A6}.Debug|ARM.Build.0 = Debug|Any CPU
		{8CA1FD94-A9E6-4C50-922C-407CFC7002A6}.Debug|x64.ActiveCfg = Debug|Any CPU
		{8CA1FD94-A9E6-4C50-922C-407CFC7002A6}.Debug|x64.Build.0 = Debug|Any CPU
		{8CA1FD94-A9E6-4C50-922C-407CFC7002A6}.Debug|x86.ActiveCfg = Debug|Any CPU
		{8CA1FD94-A9E6-4C50-922C-407CFC7002A6}.Debug|x86.Build.0 = Debug|Any CPU
		{8CA1FD94-A9E6-4C50-922C-407CFC7002A6}.Release|Any CPU.ActiveCfg = Release|Any CPU
		{8CA1FD94-A9E6-4C50-922C-407CFC7002A6}.Release|Any CPU.Build.0 = Release|Any CPU
		{8CA1FD94-A9E6-4C50-922C-407CFC7002A6}.Release|ARM.ActiveCfg = Release|Any CPU
		{8CA1FD94-A9E6-4C50-922C-407CFC7002A6}.Release|ARM.Build.0 = Release|Any CPU
		{8CA1FD94-A9E6-4C50-922C-407CFC7002A6}.Release|x64.ActiveCfg = Release|Any CPU
		{8CA1FD94-A9E6-4C50-922C-407CFC7002A6}.Release|x64.Build.0 = Release|Any CPU
		{8CA1FD94-A9E6-4C50-922C-407CFC7002A6}.Release|x86.ActiveCfg = Release|Any CPU
		{8CA1FD94-A9E6-4C50-922C-407CFC7002A6}.Release|x86.Build.0 = Release|Any CPU
		{808D2FD8-3A46-4941-BADB-0B8BC24EE387}.Debug|Any CPU.ActiveCfg = Debug|Any CPU
		{808D2FD8-3A46-4941-BADB-0B8BC24EE387}.Debug|Any CPU.Build.0 = Debug|Any CPU
		{808D2FD8-3A46-4941-BADB-0B8BC24EE387}.Debug|ARM.ActiveCfg = Debug|Any CPU
		{808D2FD8-3A46-4941-BADB-0B8BC24EE387}.Debug|ARM.Build.0 = Debug|Any CPU
		{808D2FD8-3A46-4941-BADB-0B8BC24EE387}.Debug|x64.ActiveCfg = Debug|Any CPU
		{808D2FD8-3A46-4941-BADB-0B8BC24EE387}.Debug|x64.Build.0 = Debug|Any CPU
		{808D2FD8-3A46-4941-BADB-0B8BC24EE387}.Debug|x86.ActiveCfg = Debug|Any CPU
		{808D2FD8-3A46-4941-BADB-0B8BC24EE387}.Debug|x86.Build.0 = Debug|Any CPU
		{808D2FD8-3A46-4941-BADB-0B8BC24EE387}.Release|Any CPU.ActiveCfg = Release|Any CPU
		{808D2FD8-3A46-4941-BADB-0B8BC24EE387}.Release|Any CPU.Build.0 = Release|Any CPU
		{808D2FD8-3A46-4941-BADB-0B8BC24EE387}.Release|ARM.ActiveCfg = Release|Any CPU
		{808D2FD8-3A46-4941-BADB-0B8BC24EE387}.Release|ARM.Build.0 = Release|Any CPU
		{808D2FD8-3A46-4941-BADB-0B8BC24EE387}.Release|x64.ActiveCfg = Release|Any CPU
		{808D2FD8-3A46-4941-BADB-0B8BC24EE387}.Release|x64.Build.0 = Release|Any CPU
		{808D2FD8-3A46-4941-BADB-0B8BC24EE387}.Release|x86.ActiveCfg = Release|Any CPU
		{808D2FD8-3A46-4941-BADB-0B8BC24EE387}.Release|x86.Build.0 = Release|Any CPU
		{2007483F-14FC-4002-84A2-557B4C8C41E1}.Debug|Any CPU.ActiveCfg = Debug|Any CPU
		{2007483F-14FC-4002-84A2-557B4C8C41E1}.Debug|Any CPU.Build.0 = Debug|Any CPU
		{2007483F-14FC-4002-84A2-557B4C8C41E1}.Debug|ARM.ActiveCfg = Debug|Any CPU
		{2007483F-14FC-4002-84A2-557B4C8C41E1}.Debug|ARM.Build.0 = Debug|Any CPU
		{2007483F-14FC-4002-84A2-557B4C8C41E1}.Debug|x64.ActiveCfg = Debug|Any CPU
		{2007483F-14FC-4002-84A2-557B4C8C41E1}.Debug|x64.Build.0 = Debug|Any CPU
		{2007483F-14FC-4002-84A2-557B4C8C41E1}.Debug|x86.ActiveCfg = Debug|Any CPU
		{2007483F-14FC-4002-84A2-557B4C8C41E1}.Debug|x86.Build.0 = Debug|Any CPU
		{2007483F-14FC-4002-84A2-557B4C8C41E1}.Release|Any CPU.ActiveCfg = Release|Any CPU
		{2007483F-14FC-4002-84A2-557B4C8C41E1}.Release|Any CPU.Build.0 = Release|Any CPU
		{2007483F-14FC-4002-84A2-557B4C8C41E1}.Release|ARM.ActiveCfg = Release|Any CPU
		{2007483F-14FC-4002-84A2-557B4C8C41E1}.Release|ARM.Build.0 = Release|Any CPU
		{2007483F-14FC-4002-84A2-557B4C8C41E1}.Release|x64.ActiveCfg = Release|Any CPU
		{2007483F-14FC-4002-84A2-557B4C8C41E1}.Release|x64.Build.0 = Release|Any CPU
		{2007483F-14FC-4002-84A2-557B4C8C41E1}.Release|x86.ActiveCfg = Release|Any CPU
		{2007483F-14FC-4002-84A2-557B4C8C41E1}.Release|x86.Build.0 = Release|Any CPU
		{409E0835-9478-43D8-977A-7507F66EE056}.Debug|Any CPU.ActiveCfg = Debug|Any CPU
		{409E0835-9478-43D8-977A-7507F66EE056}.Debug|Any CPU.Build.0 = Debug|Any CPU
		{409E0835-9478-43D8-977A-7507F66EE056}.Debug|ARM.ActiveCfg = Debug|Any CPU
		{409E0835-9478-43D8-977A-7507F66EE056}.Debug|ARM.Build.0 = Debug|Any CPU
		{409E0835-9478-43D8-977A-7507F66EE056}.Debug|x64.ActiveCfg = Debug|Any CPU
		{409E0835-9478-43D8-977A-7507F66EE056}.Debug|x64.Build.0 = Debug|Any CPU
		{409E0835-9478-43D8-977A-7507F66EE056}.Debug|x86.ActiveCfg = Debug|Any CPU
		{409E0835-9478-43D8-977A-7507F66EE056}.Debug|x86.Build.0 = Debug|Any CPU
		{409E0835-9478-43D8-977A-7507F66EE056}.Release|Any CPU.ActiveCfg = Release|Any CPU
		{409E0835-9478-43D8-977A-7507F66EE056}.Release|Any CPU.Build.0 = Release|Any CPU
		{409E0835-9478-43D8-977A-7507F66EE056}.Release|ARM.ActiveCfg = Release|Any CPU
		{409E0835-9478-43D8-977A-7507F66EE056}.Release|ARM.Build.0 = Release|Any CPU
		{409E0835-9478-43D8-977A-7507F66EE056}.Release|x64.ActiveCfg = Release|Any CPU
		{409E0835-9478-43D8-977A-7507F66EE056}.Release|x64.Build.0 = Release|Any CPU
		{409E0835-9478-43D8-977A-7507F66EE056}.Release|x86.ActiveCfg = Release|Any CPU
		{409E0835-9478-43D8-977A-7507F66EE056}.Release|x86.Build.0 = Release|Any CPU
		{D21F0A33-6F6B-4F12-8D3F-8D2ADC628AC3}.Debug|Any CPU.ActiveCfg = Debug|Any CPU
		{D21F0A33-6F6B-4F12-8D3F-8D2ADC628AC3}.Debug|Any CPU.Build.0 = Debug|Any CPU
		{D21F0A33-6F6B-4F12-8D3F-8D2ADC628AC3}.Debug|ARM.ActiveCfg = Debug|Any CPU
		{D21F0A33-6F6B-4F12-8D3F-8D2ADC628AC3}.Debug|ARM.Build.0 = Debug|Any CPU
		{D21F0A33-6F6B-4F12-8D3F-8D2ADC628AC3}.Debug|x64.ActiveCfg = Debug|Any CPU
		{D21F0A33-6F6B-4F12-8D3F-8D2ADC628AC3}.Debug|x64.Build.0 = Debug|Any CPU
		{D21F0A33-6F6B-4F12-8D3F-8D2ADC628AC3}.Debug|x86.ActiveCfg = Debug|Any CPU
		{D21F0A33-6F6B-4F12-8D3F-8D2ADC628AC3}.Debug|x86.Build.0 = Debug|Any CPU
		{D21F0A33-6F6B-4F12-8D3F-8D2ADC628AC3}.Release|Any CPU.ActiveCfg = Release|Any CPU
		{D21F0A33-6F6B-4F12-8D3F-8D2ADC628AC3}.Release|Any CPU.Build.0 = Release|Any CPU
		{D21F0A33-6F6B-4F12-8D3F-8D2ADC628AC3}.Release|ARM.ActiveCfg = Release|Any CPU
		{D21F0A33-6F6B-4F12-8D3F-8D2ADC628AC3}.Release|ARM.Build.0 = Release|Any CPU
		{D21F0A33-6F6B-4F12-8D3F-8D2ADC628AC3}.Release|x64.ActiveCfg = Release|Any CPU
		{D21F0A33-6F6B-4F12-8D3F-8D2ADC628AC3}.Release|x64.Build.0 = Release|Any CPU
		{D21F0A33-6F6B-4F12-8D3F-8D2ADC628AC3}.Release|x86.ActiveCfg = Release|Any CPU
		{D21F0A33-6F6B-4F12-8D3F-8D2ADC628AC3}.Release|x86.Build.0 = Release|Any CPU
		{FE13902E-018B-4379-BF5C-AF0D7C21E179}.Debug|Any CPU.ActiveCfg = Debug|Any CPU
		{FE13902E-018B-4379-BF5C-AF0D7C21E179}.Debug|Any CPU.Build.0 = Debug|Any CPU
		{FE13902E-018B-4379-BF5C-AF0D7C21E179}.Debug|ARM.ActiveCfg = Debug|Any CPU
		{FE13902E-018B-4379-BF5C-AF0D7C21E179}.Debug|ARM.Build.0 = Debug|Any CPU
		{FE13902E-018B-4379-BF5C-AF0D7C21E179}.Debug|x64.ActiveCfg = Debug|Any CPU
		{FE13902E-018B-4379-BF5C-AF0D7C21E179}.Debug|x64.Build.0 = Debug|Any CPU
		{FE13902E-018B-4379-BF5C-AF0D7C21E179}.Debug|x86.ActiveCfg = Debug|Any CPU
		{FE13902E-018B-4379-BF5C-AF0D7C21E179}.Debug|x86.Build.0 = Debug|Any CPU
		{FE13902E-018B-4379-BF5C-AF0D7C21E179}.Release|Any CPU.ActiveCfg = Release|Any CPU
		{FE13902E-018B-4379-BF5C-AF0D7C21E179}.Release|Any CPU.Build.0 = Release|Any CPU
		{FE13902E-018B-4379-BF5C-AF0D7C21E179}.Release|ARM.ActiveCfg = Release|Any CPU
		{FE13902E-018B-4379-BF5C-AF0D7C21E179}.Release|ARM.Build.0 = Release|Any CPU
		{FE13902E-018B-4379-BF5C-AF0D7C21E179}.Release|x64.ActiveCfg = Release|Any CPU
		{FE13902E-018B-4379-BF5C-AF0D7C21E179}.Release|x64.Build.0 = Release|Any CPU
		{FE13902E-018B-4379-BF5C-AF0D7C21E179}.Release|x86.ActiveCfg = Release|Any CPU
		{FE13902E-018B-4379-BF5C-AF0D7C21E179}.Release|x86.Build.0 = Release|Any CPU
		{ED305BBD-0203-407F-940A-DD299B2CDCCB}.Debug|Any CPU.ActiveCfg = Debug|Any CPU
		{ED305BBD-0203-407F-940A-DD299B2CDCCB}.Debug|Any CPU.Build.0 = Debug|Any CPU
		{ED305BBD-0203-407F-940A-DD299B2CDCCB}.Debug|ARM.ActiveCfg = Debug|Any CPU
		{ED305BBD-0203-407F-940A-DD299B2CDCCB}.Debug|ARM.Build.0 = Debug|Any CPU
		{ED305BBD-0203-407F-940A-DD299B2CDCCB}.Debug|x64.ActiveCfg = Debug|Any CPU
		{ED305BBD-0203-407F-940A-DD299B2CDCCB}.Debug|x64.Build.0 = Debug|Any CPU
		{ED305BBD-0203-407F-940A-DD299B2CDCCB}.Debug|x86.ActiveCfg = Debug|Any CPU
		{ED305BBD-0203-407F-940A-DD299B2CDCCB}.Debug|x86.Build.0 = Debug|Any CPU
		{ED305BBD-0203-407F-940A-DD299B2CDCCB}.Release|Any CPU.ActiveCfg = Release|Any CPU
		{ED305BBD-0203-407F-940A-DD299B2CDCCB}.Release|Any CPU.Build.0 = Release|Any CPU
		{ED305BBD-0203-407F-940A-DD299B2CDCCB}.Release|ARM.ActiveCfg = Release|Any CPU
		{ED305BBD-0203-407F-940A-DD299B2CDCCB}.Release|ARM.Build.0 = Release|Any CPU
		{ED305BBD-0203-407F-940A-DD299B2CDCCB}.Release|x64.ActiveCfg = Release|Any CPU
		{ED305BBD-0203-407F-940A-DD299B2CDCCB}.Release|x64.Build.0 = Release|Any CPU
		{ED305BBD-0203-407F-940A-DD299B2CDCCB}.Release|x86.ActiveCfg = Release|Any CPU
		{ED305BBD-0203-407F-940A-DD299B2CDCCB}.Release|x86.Build.0 = Release|Any CPU
		{7534A2AB-3BD4-4898-9558-2BC527C5DB8A}.Debug|Any CPU.ActiveCfg = Debug|Any CPU
		{7534A2AB-3BD4-4898-9558-2BC527C5DB8A}.Debug|Any CPU.Build.0 = Debug|Any CPU
		{7534A2AB-3BD4-4898-9558-2BC527C5DB8A}.Debug|ARM.ActiveCfg = Debug|Any CPU
		{7534A2AB-3BD4-4898-9558-2BC527C5DB8A}.Debug|ARM.Build.0 = Debug|Any CPU
		{7534A2AB-3BD4-4898-9558-2BC527C5DB8A}.Debug|x64.ActiveCfg = Debug|Any CPU
		{7534A2AB-3BD4-4898-9558-2BC527C5DB8A}.Debug|x64.Build.0 = Debug|Any CPU
		{7534A2AB-3BD4-4898-9558-2BC527C5DB8A}.Debug|x86.ActiveCfg = Debug|Any CPU
		{7534A2AB-3BD4-4898-9558-2BC527C5DB8A}.Debug|x86.Build.0 = Debug|Any CPU
		{7534A2AB-3BD4-4898-9558-2BC527C5DB8A}.Release|Any CPU.ActiveCfg = Release|Any CPU
		{7534A2AB-3BD4-4898-9558-2BC527C5DB8A}.Release|Any CPU.Build.0 = Release|Any CPU
		{7534A2AB-3BD4-4898-9558-2BC527C5DB8A}.Release|ARM.ActiveCfg = Release|Any CPU
		{7534A2AB-3BD4-4898-9558-2BC527C5DB8A}.Release|ARM.Build.0 = Release|Any CPU
		{7534A2AB-3BD4-4898-9558-2BC527C5DB8A}.Release|x64.ActiveCfg = Release|Any CPU
		{7534A2AB-3BD4-4898-9558-2BC527C5DB8A}.Release|x64.Build.0 = Release|Any CPU
		{7534A2AB-3BD4-4898-9558-2BC527C5DB8A}.Release|x86.ActiveCfg = Release|Any CPU
		{7534A2AB-3BD4-4898-9558-2BC527C5DB8A}.Release|x86.Build.0 = Release|Any CPU
		{8DA1A737-67A5-41D4-AFCA-8EC690C13402}.Debug|Any CPU.ActiveCfg = Debug|Any CPU
		{8DA1A737-67A5-41D4-AFCA-8EC690C13402}.Debug|Any CPU.Build.0 = Debug|Any CPU
		{8DA1A737-67A5-41D4-AFCA-8EC690C13402}.Debug|ARM.ActiveCfg = Debug|Any CPU
		{8DA1A737-67A5-41D4-AFCA-8EC690C13402}.Debug|ARM.Build.0 = Debug|Any CPU
		{8DA1A737-67A5-41D4-AFCA-8EC690C13402}.Debug|x64.ActiveCfg = Debug|Any CPU
		{8DA1A737-67A5-41D4-AFCA-8EC690C13402}.Debug|x64.Build.0 = Debug|Any CPU
		{8DA1A737-67A5-41D4-AFCA-8EC690C13402}.Debug|x86.ActiveCfg = Debug|Any CPU
		{8DA1A737-67A5-41D4-AFCA-8EC690C13402}.Debug|x86.Build.0 = Debug|Any CPU
		{8DA1A737-67A5-41D4-AFCA-8EC690C13402}.Release|Any CPU.ActiveCfg = Release|Any CPU
		{8DA1A737-67A5-41D4-AFCA-8EC690C13402}.Release|Any CPU.Build.0 = Release|Any CPU
		{8DA1A737-67A5-41D4-AFCA-8EC690C13402}.Release|ARM.ActiveCfg = Release|Any CPU
		{8DA1A737-67A5-41D4-AFCA-8EC690C13402}.Release|ARM.Build.0 = Release|Any CPU
		{8DA1A737-67A5-41D4-AFCA-8EC690C13402}.Release|x64.ActiveCfg = Release|Any CPU
		{8DA1A737-67A5-41D4-AFCA-8EC690C13402}.Release|x64.Build.0 = Release|Any CPU
		{8DA1A737-67A5-41D4-AFCA-8EC690C13402}.Release|x86.ActiveCfg = Release|Any CPU
		{8DA1A737-67A5-41D4-AFCA-8EC690C13402}.Release|x86.Build.0 = Release|Any CPU
		{3221CD55-474B-4174-BF37-4BCC5F8CF21B}.Debug|Any CPU.ActiveCfg = Debug|Any CPU
		{3221CD55-474B-4174-BF37-4BCC5F8CF21B}.Debug|Any CPU.Build.0 = Debug|Any CPU
		{3221CD55-474B-4174-BF37-4BCC5F8CF21B}.Debug|ARM.ActiveCfg = Debug|Any CPU
		{3221CD55-474B-4174-BF37-4BCC5F8CF21B}.Debug|ARM.Build.0 = Debug|Any CPU
		{3221CD55-474B-4174-BF37-4BCC5F8CF21B}.Debug|x64.ActiveCfg = Debug|Any CPU
		{3221CD55-474B-4174-BF37-4BCC5F8CF21B}.Debug|x64.Build.0 = Debug|Any CPU
		{3221CD55-474B-4174-BF37-4BCC5F8CF21B}.Debug|x86.ActiveCfg = Debug|Any CPU
		{3221CD55-474B-4174-BF37-4BCC5F8CF21B}.Debug|x86.Build.0 = Debug|Any CPU
		{3221CD55-474B-4174-BF37-4BCC5F8CF21B}.Release|Any CPU.ActiveCfg = Release|Any CPU
		{3221CD55-474B-4174-BF37-4BCC5F8CF21B}.Release|Any CPU.Build.0 = Release|Any CPU
		{3221CD55-474B-4174-BF37-4BCC5F8CF21B}.Release|ARM.ActiveCfg = Release|Any CPU
		{3221CD55-474B-4174-BF37-4BCC5F8CF21B}.Release|ARM.Build.0 = Release|Any CPU
		{3221CD55-474B-4174-BF37-4BCC5F8CF21B}.Release|x64.ActiveCfg = Release|Any CPU
		{3221CD55-474B-4174-BF37-4BCC5F8CF21B}.Release|x64.Build.0 = Release|Any CPU
		{3221CD55-474B-4174-BF37-4BCC5F8CF21B}.Release|x86.ActiveCfg = Release|Any CPU
		{3221CD55-474B-4174-BF37-4BCC5F8CF21B}.Release|x86.Build.0 = Release|Any CPU
		{43BE9650-2278-49E8-BE5D-53D8137EE8B5}.Debug|Any CPU.ActiveCfg = Debug|Any CPU
		{43BE9650-2278-49E8-BE5D-53D8137EE8B5}.Debug|Any CPU.Build.0 = Debug|Any CPU
		{43BE9650-2278-49E8-BE5D-53D8137EE8B5}.Debug|ARM.ActiveCfg = Debug|Any CPU
		{43BE9650-2278-49E8-BE5D-53D8137EE8B5}.Debug|ARM.Build.0 = Debug|Any CPU
		{43BE9650-2278-49E8-BE5D-53D8137EE8B5}.Debug|x64.ActiveCfg = Debug|Any CPU
		{43BE9650-2278-49E8-BE5D-53D8137EE8B5}.Debug|x64.Build.0 = Debug|Any CPU
		{43BE9650-2278-49E8-BE5D-53D8137EE8B5}.Debug|x86.ActiveCfg = Debug|Any CPU
		{43BE9650-2278-49E8-BE5D-53D8137EE8B5}.Debug|x86.Build.0 = Debug|Any CPU
		{43BE9650-2278-49E8-BE5D-53D8137EE8B5}.Release|Any CPU.ActiveCfg = Release|Any CPU
		{43BE9650-2278-49E8-BE5D-53D8137EE8B5}.Release|Any CPU.Build.0 = Release|Any CPU
		{43BE9650-2278-49E8-BE5D-53D8137EE8B5}.Release|ARM.ActiveCfg = Release|Any CPU
		{43BE9650-2278-49E8-BE5D-53D8137EE8B5}.Release|ARM.Build.0 = Release|Any CPU
		{43BE9650-2278-49E8-BE5D-53D8137EE8B5}.Release|x64.ActiveCfg = Release|Any CPU
		{43BE9650-2278-49E8-BE5D-53D8137EE8B5}.Release|x64.Build.0 = Release|Any CPU
		{43BE9650-2278-49E8-BE5D-53D8137EE8B5}.Release|x86.ActiveCfg = Release|Any CPU
		{43BE9650-2278-49E8-BE5D-53D8137EE8B5}.Release|x86.Build.0 = Release|Any CPU
		{9E76F3CD-6DAD-4B94-85EC-A413DA5C4A71}.Debug|Any CPU.ActiveCfg = Debug|Any CPU
		{9E76F3CD-6DAD-4B94-85EC-A413DA5C4A71}.Debug|Any CPU.Build.0 = Debug|Any CPU
		{9E76F3CD-6DAD-4B94-85EC-A413DA5C4A71}.Debug|ARM.ActiveCfg = Debug|Any CPU
		{9E76F3CD-6DAD-4B94-85EC-A413DA5C4A71}.Debug|ARM.Build.0 = Debug|Any CPU
		{9E76F3CD-6DAD-4B94-85EC-A413DA5C4A71}.Debug|x64.ActiveCfg = Debug|Any CPU
		{9E76F3CD-6DAD-4B94-85EC-A413DA5C4A71}.Debug|x64.Build.0 = Debug|Any CPU
		{9E76F3CD-6DAD-4B94-85EC-A413DA5C4A71}.Debug|x86.ActiveCfg = Debug|Any CPU
		{9E76F3CD-6DAD-4B94-85EC-A413DA5C4A71}.Debug|x86.Build.0 = Debug|Any CPU
		{9E76F3CD-6DAD-4B94-85EC-A413DA5C4A71}.Release|Any CPU.ActiveCfg = Release|Any CPU
		{9E76F3CD-6DAD-4B94-85EC-A413DA5C4A71}.Release|Any CPU.Build.0 = Release|Any CPU
		{9E76F3CD-6DAD-4B94-85EC-A413DA5C4A71}.Release|ARM.ActiveCfg = Release|Any CPU
		{9E76F3CD-6DAD-4B94-85EC-A413DA5C4A71}.Release|ARM.Build.0 = Release|Any CPU
		{9E76F3CD-6DAD-4B94-85EC-A413DA5C4A71}.Release|x64.ActiveCfg = Release|Any CPU
		{9E76F3CD-6DAD-4B94-85EC-A413DA5C4A71}.Release|x64.Build.0 = Release|Any CPU
		{9E76F3CD-6DAD-4B94-85EC-A413DA5C4A71}.Release|x86.ActiveCfg = Release|Any CPU
		{9E76F3CD-6DAD-4B94-85EC-A413DA5C4A71}.Release|x86.Build.0 = Release|Any CPU
		{97503D41-E97B-4320-9729-283736B8FCA6}.Debug|Any CPU.ActiveCfg = Debug|Any CPU
		{97503D41-E97B-4320-9729-283736B8FCA6}.Debug|Any CPU.Build.0 = Debug|Any CPU
		{97503D41-E97B-4320-9729-283736B8FCA6}.Debug|ARM.ActiveCfg = Debug|Any CPU
		{97503D41-E97B-4320-9729-283736B8FCA6}.Debug|ARM.Build.0 = Debug|Any CPU
		{97503D41-E97B-4320-9729-283736B8FCA6}.Debug|x64.ActiveCfg = Debug|Any CPU
		{97503D41-E97B-4320-9729-283736B8FCA6}.Debug|x64.Build.0 = Debug|Any CPU
		{97503D41-E97B-4320-9729-283736B8FCA6}.Debug|x86.ActiveCfg = Debug|Any CPU
		{97503D41-E97B-4320-9729-283736B8FCA6}.Debug|x86.Build.0 = Debug|Any CPU
		{97503D41-E97B-4320-9729-283736B8FCA6}.Release|Any CPU.ActiveCfg = Release|Any CPU
		{97503D41-E97B-4320-9729-283736B8FCA6}.Release|Any CPU.Build.0 = Release|Any CPU
		{97503D41-E97B-4320-9729-283736B8FCA6}.Release|ARM.ActiveCfg = Release|Any CPU
		{97503D41-E97B-4320-9729-283736B8FCA6}.Release|ARM.Build.0 = Release|Any CPU
		{97503D41-E97B-4320-9729-283736B8FCA6}.Release|x64.ActiveCfg = Release|Any CPU
		{97503D41-E97B-4320-9729-283736B8FCA6}.Release|x64.Build.0 = Release|Any CPU
		{97503D41-E97B-4320-9729-283736B8FCA6}.Release|x86.ActiveCfg = Release|Any CPU
		{97503D41-E97B-4320-9729-283736B8FCA6}.Release|x86.Build.0 = Release|Any CPU
	EndGlobalSection
	GlobalSection(SolutionProperties) = preSolution
		HideSolutionNode = FALSE
	EndGlobalSection
EndGlobal
