
Microsoft Visual Studio Solution File, Format Version 12.00
# Visual Studio 14
VisualStudioVersion = 14.0.25420.1
MinimumVisualStudioVersion = 10.0.40219.1
Project("{FAE04EC0-301F-11D3-BF4B-00C04F79EFBC}") = "6-1-01-DayOfWeek", "6-1-01-DayOfWeek\6-1-01-DayOfWeek.csproj", "{BDB6F21F-9649-4F2E-B7E7-0E07FBD644A0}"
EndProject
Project("{FAE04EC0-301F-11D3-BF4B-00C04F79EFBC}") = "6-1-02-ReverseArrayOfIntegers", "6-1-02-ReverseArrayOfIntegers\6-1-02-ReverseArrayOfIntegers.csproj", "{C17332D6-96FF-4FB8-B35D-94FED822EC90}"
EndProject
Project("{FAE04EC0-301F-11D3-BF4B-00C04F79EFBC}") = "6-1-03-LastK-numbersSumsSequence", "6-1-03-LastK-numbersSumsSequence\6-1-03-LastK-numbersSumsSequence.csproj", "{BD925480-D1B3-4836-B95F-5D1D9265FB9A}"
EndProject
Project("{FAE04EC0-301F-11D3-BF4B-00C04F79EFBC}") = "6-1-04-TripleSum", "6-1-04-TripleSum\6-1-04-TripleSum.csproj", "{16699F83-C0B6-4A31-B8DD-8913BEA1FC36}"
EndProject
Project("{FAE04EC0-301F-11D3-BF4B-00C04F79EFBC}") = "6-1-05-RoundingNumberAwayFromZero", "6-1-05-RoundingNumberAwayFromZero\6-1-05-RoundingNumberAwayFromZero.csproj", "{06D05217-6A85-4DBC-9D24-7FD265415B60}"
EndProject
Project("{FAE04EC0-301F-11D3-BF4B-00C04F79EFBC}") = "6-1-00", "6-1-00\6-1-00.csproj", "{F9418DF7-C899-4539-9303-90FD667ED5BB}"
EndProject
Project("{FAE04EC0-301F-11D3-BF4B-00C04F79EFBC}") = "6-1-06-ReverseAnArrayOfStrings", "6-1-06-ReverseAnArrayOfStrings\6-1-06-ReverseAnArrayOfStrings.csproj", "{636CE176-2252-41B5-972F-66995EC6FA6E}"
EndProject
Global
	GlobalSection(SolutionConfigurationPlatforms) = preSolution
		Debug|Any CPU = Debug|Any CPU
		Debug|ARM = Debug|ARM
		Debug|x64 = Debug|x64
		Debug|x86 = Debug|x86
		Release|Any CPU = Release|Any CPU
		Release|ARM = Release|ARM
		Release|x64 = Release|x64
		Release|x86 = Release|x86
	EndGlobalSection
	GlobalSection(ProjectConfigurationPlatforms) = postSolution
		{BDB6F21F-9649-4F2E-B7E7-0E07FBD644A0}.Debug|Any CPU.ActiveCfg = Debug|Any CPU
		{BDB6F21F-9649-4F2E-B7E7-0E07FBD644A0}.Debug|Any CPU.Build.0 = Debug|Any CPU
		{BDB6F21F-9649-4F2E-B7E7-0E07FBD644A0}.Debug|ARM.ActiveCfg = Debug|Any CPU
		{BDB6F21F-9649-4F2E-B7E7-0E07FBD644A0}.Debug|ARM.Build.0 = Debug|Any CPU
		{BDB6F21F-9649-4F2E-B7E7-0E07FBD644A0}.Debug|x64.ActiveCfg = Debug|Any CPU
		{BDB6F21F-9649-4F2E-B7E7-0E07FBD644A0}.Debug|x64.Build.0 = Debug|Any CPU
		{BDB6F21F-9649-4F2E-B7E7-0E07FBD644A0}.Debug|x86.ActiveCfg = Debug|Any CPU
		{BDB6F21F-9649-4F2E-B7E7-0E07FBD644A0}.Debug|x86.Build.0 = Debug|Any CPU
		{BDB6F21F-9649-4F2E-B7E7-0E07FBD644A0}.Release|Any CPU.ActiveCfg = Release|Any CPU
		{BDB6F21F-9649-4F2E-B7E7-0E07FBD644A0}.Release|Any CPU.Build.0 = Release|Any CPU
		{BDB6F21F-9649-4F2E-B7E7-0E07FBD644A0}.Release|ARM.ActiveCfg = Release|Any CPU
		{BDB6F21F-9649-4F2E-B7E7-0E07FBD644A0}.Release|ARM.Build.0 = Release|Any CPU
		{BDB6F21F-9649-4F2E-B7E7-0E07FBD644A0}.Release|x64.ActiveCfg = Release|Any CPU
		{BDB6F21F-9649-4F2E-B7E7-0E07FBD644A0}.Release|x64.Build.0 = Release|Any CPU
		{BDB6F21F-9649-4F2E-B7E7-0E07FBD644A0}.Release|x86.ActiveCfg = Release|Any CPU
		{BDB6F21F-9649-4F2E-B7E7-0E07FBD644A0}.Release|x86.Build.0 = Release|Any CPU
		{C17332D6-96FF-4FB8-B35D-94FED822EC90}.Debug|Any CPU.ActiveCfg = Debug|Any CPU
		{C17332D6-96FF-4FB8-B35D-94FED822EC90}.Debug|Any CPU.Build.0 = Debug|Any CPU
		{C17332D6-96FF-4FB8-B35D-94FED822EC90}.Debug|ARM.ActiveCfg = Debug|Any CPU
		{C17332D6-96FF-4FB8-B35D-94FED822EC90}.Debug|ARM.Build.0 = Debug|Any CPU
		{C17332D6-96FF-4FB8-B35D-94FED822EC90}.Debug|x64.ActiveCfg = Debug|Any CPU
		{C17332D6-96FF-4FB8-B35D-94FED822EC90}.Debug|x64.Build.0 = Debug|Any CPU
		{C17332D6-96FF-4FB8-B35D-94FED822EC90}.Debug|x86.ActiveCfg = Debug|Any CPU
		{C17332D6-96FF-4FB8-B35D-94FED822EC90}.Debug|x86.Build.0 = Debug|Any CPU
		{C17332D6-96FF-4FB8-B35D-94FED822EC90}.Release|Any CPU.ActiveCfg = Release|Any CPU
		{C17332D6-96FF-4FB8-B35D-94FED822EC90}.Release|Any CPU.Build.0 = Release|Any CPU
		{C17332D6-96FF-4FB8-B35D-94FED822EC90}.Release|ARM.ActiveCfg = Release|Any CPU
		{C17332D6-96FF-4FB8-B35D-94FED822EC90}.Release|ARM.Build.0 = Release|Any CPU
		{C17332D6-96FF-4FB8-B35D-94FED822EC90}.Release|x64.ActiveCfg = Release|Any CPU
		{C17332D6-96FF-4FB8-B35D-94FED822EC90}.Release|x64.Build.0 = Release|Any CPU
		{C17332D6-96FF-4FB8-B35D-94FED822EC90}.Release|x86.ActiveCfg = Release|Any CPU
		{C17332D6-96FF-4FB8-B35D-94FED822EC90}.Release|x86.Build.0 = Release|Any CPU
		{BD925480-D1B3-4836-B95F-5D1D9265FB9A}.Debug|Any CPU.ActiveCfg = Debug|Any CPU
		{BD925480-D1B3-4836-B95F-5D1D9265FB9A}.Debug|Any CPU.Build.0 = Debug|Any CPU
		{BD925480-D1B3-4836-B95F-5D1D9265FB9A}.Debug|ARM.ActiveCfg = Debug|Any CPU
		{BD925480-D1B3-4836-B95F-5D1D9265FB9A}.Debug|ARM.Build.0 = Debug|Any CPU
		{BD925480-D1B3-4836-B95F-5D1D9265FB9A}.Debug|x64.ActiveCfg = Debug|Any CPU
		{BD925480-D1B3-4836-B95F-5D1D9265FB9A}.Debug|x64.Build.0 = Debug|Any CPU
		{BD925480-D1B3-4836-B95F-5D1D9265FB9A}.Debug|x86.ActiveCfg = Debug|Any CPU
		{BD925480-D1B3-4836-B95F-5D1D9265FB9A}.Debug|x86.Build.0 = Debug|Any CPU
		{BD925480-D1B3-4836-B95F-5D1D9265FB9A}.Release|Any CPU.ActiveCfg = Release|Any CPU
		{BD925480-D1B3-4836-B95F-5D1D9265FB9A}.Release|Any CPU.Build.0 = Release|Any CPU
		{BD925480-D1B3-4836-B95F-5D1D9265FB9A}.Release|ARM.ActiveCfg = Release|Any CPU
		{BD925480-D1B3-4836-B95F-5D1D9265FB9A}.Release|ARM.Build.0 = Release|Any CPU
		{BD925480-D1B3-4836-B95F-5D1D9265FB9A}.Release|x64.ActiveCfg = Release|Any CPU
		{BD925480-D1B3-4836-B95F-5D1D9265FB9A}.Release|x64.Build.0 = Release|Any CPU
		{BD925480-D1B3-4836-B95F-5D1D9265FB9A}.Release|x86.ActiveCfg = Release|Any CPU
		{BD925480-D1B3-4836-B95F-5D1D9265FB9A}.Release|x86.Build.0 = Release|Any CPU
		{16699F83-C0B6-4A31-B8DD-8913BEA1FC36}.Debug|Any CPU.ActiveCfg = Debug|Any CPU
		{16699F83-C0B6-4A31-B8DD-8913BEA1FC36}.Debug|Any CPU.Build.0 = Debug|Any CPU
		{16699F83-C0B6-4A31-B8DD-8913BEA1FC36}.Debug|ARM.ActiveCfg = Debug|Any CPU
		{16699F83-C0B6-4A31-B8DD-8913BEA1FC36}.Debug|ARM.Build.0 = Debug|Any CPU
		{16699F83-C0B6-4A31-B8DD-8913BEA1FC36}.Debug|x64.ActiveCfg = Debug|Any CPU
		{16699F83-C0B6-4A31-B8DD-8913BEA1FC36}.Debug|x64.Build.0 = Debug|Any CPU
		{16699F83-C0B6-4A31-B8DD-8913BEA1FC36}.Debug|x86.ActiveCfg = Debug|Any CPU
		{16699F83-C0B6-4A31-B8DD-8913BEA1FC36}.Debug|x86.Build.0 = Debug|Any CPU
		{16699F83-C0B6-4A31-B8DD-8913BEA1FC36}.Release|Any CPU.ActiveCfg = Release|Any CPU
		{16699F83-C0B6-4A31-B8DD-8913BEA1FC36}.Release|Any CPU.Build.0 = Release|Any CPU
		{16699F83-C0B6-4A31-B8DD-8913BEA1FC36}.Release|ARM.ActiveCfg = Release|Any CPU
		{16699F83-C0B6-4A31-B8DD-8913BEA1FC36}.Release|ARM.Build.0 = Release|Any CPU
		{16699F83-C0B6-4A31-B8DD-8913BEA1FC36}.Release|x64.ActiveCfg = Release|Any CPU
		{16699F83-C0B6-4A31-B8DD-8913BEA1FC36}.Release|x64.Build.0 = Release|Any CPU
		{16699F83-C0B6-4A31-B8DD-8913BEA1FC36}.Release|x86.ActiveCfg = Release|Any CPU
		{16699F83-C0B6-4A31-B8DD-8913BEA1FC36}.Release|x86.Build.0 = Release|Any CPU
		{06D05217-6A85-4DBC-9D24-7FD265415B60}.Debug|Any CPU.ActiveCfg = Debug|Any CPU
		{06D05217-6A85-4DBC-9D24-7FD265415B60}.Debug|Any CPU.Build.0 = Debug|Any CPU
		{06D05217-6A85-4DBC-9D24-7FD265415B60}.Debug|ARM.ActiveCfg = Debug|Any CPU
		{06D05217-6A85-4DBC-9D24-7FD265415B60}.Debug|ARM.Build.0 = Debug|Any CPU
		{06D05217-6A85-4DBC-9D24-7FD265415B60}.Debug|x64.ActiveCfg = Debug|Any CPU
		{06D05217-6A85-4DBC-9D24-7FD265415B60}.Debug|x64.Build.0 = Debug|Any CPU
		{06D05217-6A85-4DBC-9D24-7FD265415B60}.Debug|x86.ActiveCfg = Debug|Any CPU
		{06D05217-6A85-4DBC-9D24-7FD265415B60}.Debug|x86.Build.0 = Debug|Any CPU
		{06D05217-6A85-4DBC-9D24-7FD265415B60}.Release|Any CPU.ActiveCfg = Release|Any CPU
		{06D05217-6A85-4DBC-9D24-7FD265415B60}.Release|Any CPU.Build.0 = Release|Any CPU
		{06D05217-6A85-4DBC-9D24-7FD265415B60}.Release|ARM.ActiveCfg = Release|Any CPU
		{06D05217-6A85-4DBC-9D24-7FD265415B60}.Release|ARM.Build.0 = Release|Any CPU
		{06D05217-6A85-4DBC-9D24-7FD265415B60}.Release|x64.ActiveCfg = Release|Any CPU
		{06D05217-6A85-4DBC-9D24-7FD265415B60}.Release|x64.Build.0 = Release|Any CPU
		{06D05217-6A85-4DBC-9D24-7FD265415B60}.Release|x86.ActiveCfg = Release|Any CPU
		{06D05217-6A85-4DBC-9D24-7FD265415B60}.Release|x86.Build.0 = Release|Any CPU
		{F9418DF7-C899-4539-9303-90FD667ED5BB}.Debug|Any CPU.ActiveCfg = Debug|Any CPU
		{F9418DF7-C899-4539-9303-90FD667ED5BB}.Debug|Any CPU.Build.0 = Debug|Any CPU
		{F9418DF7-C899-4539-9303-90FD667ED5BB}.Debug|ARM.ActiveCfg = Debug|Any CPU
		{F9418DF7-C899-4539-9303-90FD667ED5BB}.Debug|ARM.Build.0 = Debug|Any CPU
		{F9418DF7-C899-4539-9303-90FD667ED5BB}.Debug|x64.ActiveCfg = Debug|Any CPU
		{F9418DF7-C899-4539-9303-90FD667ED5BB}.Debug|x64.Build.0 = Debug|Any CPU
		{F9418DF7-C899-4539-9303-90FD667ED5BB}.Debug|x86.ActiveCfg = Debug|Any CPU
		{F9418DF7-C899-4539-9303-90FD667ED5BB}.Debug|x86.Build.0 = Debug|Any CPU
		{F9418DF7-C899-4539-9303-90FD667ED5BB}.Release|Any CPU.ActiveCfg = Release|Any CPU
		{F9418DF7-C899-4539-9303-90FD667ED5BB}.Release|Any CPU.Build.0 = Release|Any CPU
		{F9418DF7-C899-4539-9303-90FD667ED5BB}.Release|ARM.ActiveCfg = Release|Any CPU
		{F9418DF7-C899-4539-9303-90FD667ED5BB}.Release|ARM.Build.0 = Release|Any CPU
		{F9418DF7-C899-4539-9303-90FD667ED5BB}.Release|x64.ActiveCfg = Release|Any CPU
		{F9418DF7-C899-4539-9303-90FD667ED5BB}.Release|x64.Build.0 = Release|Any CPU
		{F9418DF7-C899-4539-9303-90FD667ED5BB}.Release|x86.ActiveCfg = Release|Any CPU
		{F9418DF7-C899-4539-9303-90FD667ED5BB}.Release|x86.Build.0 = Release|Any CPU
		{636CE176-2252-41B5-972F-66995EC6FA6E}.Debug|Any CPU.ActiveCfg = Debug|Any CPU
		{636CE176-2252-41B5-972F-66995EC6FA6E}.Debug|Any CPU.Build.0 = Debug|Any CPU
		{636CE176-2252-41B5-972F-66995EC6FA6E}.Debug|ARM.ActiveCfg = Debug|Any CPU
		{636CE176-2252-41B5-972F-66995EC6FA6E}.Debug|ARM.Build.0 = Debug|Any CPU
		{636CE176-2252-41B5-972F-66995EC6FA6E}.Debug|x64.ActiveCfg = Debug|Any CPU
		{636CE176-2252-41B5-972F-66995EC6FA6E}.Debug|x64.Build.0 = Debug|Any CPU
		{636CE176-2252-41B5-972F-66995EC6FA6E}.Debug|x86.ActiveCfg = Debug|Any CPU
		{636CE176-2252-41B5-972F-66995EC6FA6E}.Debug|x86.Build.0 = Debug|Any CPU
		{636CE176-2252-41B5-972F-66995EC6FA6E}.Release|Any CPU.ActiveCfg = Release|Any CPU
		{636CE176-2252-41B5-972F-66995EC6FA6E}.Release|Any CPU.Build.0 = Release|Any CPU
		{636CE176-2252-41B5-972F-66995EC6FA6E}.Release|ARM.ActiveCfg = Release|Any CPU
		{636CE176-2252-41B5-972F-66995EC6FA6E}.Release|ARM.Build.0 = Release|Any CPU
		{636CE176-2252-41B5-972F-66995EC6FA6E}.Release|x64.ActiveCfg = Release|Any CPU
		{636CE176-2252-41B5-972F-66995EC6FA6E}.Release|x64.Build.0 = Release|Any CPU
		{636CE176-2252-41B5-972F-66995EC6FA6E}.Release|x86.ActiveCfg = Release|Any CPU
		{636CE176-2252-41B5-972F-66995EC6FA6E}.Release|x86.Build.0 = Release|Any CPU
	EndGlobalSection
	GlobalSection(SolutionProperties) = preSolution
		HideSolutionNode = FALSE
	EndGlobalSection
EndGlobal
