
Microsoft Visual Studio Solution File, Format Version 12.00
# Visual Studio 14
VisualStudioVersion = 14.0.25420.1
MinimumVisualStudioVersion = 10.0.40219.1
Project("{FAE04EC0-301F-11D3-BF4B-00C04F79EFBC}") = "5-2-01-Hello", "5-2-01-Hello\5-2-01-Hello.csproj", "{579EF7F6-2405-4C3D-AE32-19025119697A}"
EndProject
Project("{FAE04EC0-301F-11D3-BF4B-00C04F79EFBC}") = "5-2-02-MaxMethod", "5-2-02-MaxMethod\5-2-02-MaxMethod.csproj", "{088B7D11-65EE-4047-8CC5-5E14311F5E64}"
EndProject
Project("{FAE04EC0-301F-11D3-BF4B-00C04F79EFBC}") = "5-2-03-EnglNameLastDigit", "5-2-03-EnglNameLastDigit\5-2-03-EnglNameLastDigit.csproj", "{EE5EEC5C-A97B-4495-86C8-C097FCF93034}"
EndProject
Project("{FAE04EC0-301F-11D3-BF4B-00C04F79EFBC}") = "5-2-04-NumOfReverseOrder", "5-2-04-NumOfReverseOrder\5-2-04-NumOfReverseOrder.csproj", "{285C16BE-3D1C-49CF-8400-399C0DA0A2D4}"
EndProject
Global
	GlobalSection(SolutionConfigurationPlatforms) = preSolution
		Debug|Any CPU = Debug|Any CPU
		Release|Any CPU = Release|Any CPU
	EndGlobalSection
	GlobalSection(ProjectConfigurationPlatforms) = postSolution
		{579EF7F6-2405-4C3D-AE32-19025119697A}.Debug|Any CPU.ActiveCfg = Debug|Any CPU
		{579EF7F6-2405-4C3D-AE32-19025119697A}.Debug|Any CPU.Build.0 = Debug|Any CPU
		{579EF7F6-2405-4C3D-AE32-19025119697A}.Release|Any CPU.ActiveCfg = Release|Any CPU
		{579EF7F6-2405-4C3D-AE32-19025119697A}.Release|Any CPU.Build.0 = Release|Any CPU
		{088B7D11-65EE-4047-8CC5-5E14311F5E64}.Debug|Any CPU.ActiveCfg = Debug|Any CPU
		{088B7D11-65EE-4047-8CC5-5E14311F5E64}.Debug|Any CPU.Build.0 = Debug|Any CPU
		{088B7D11-65EE-4047-8CC5-5E14311F5E64}.Release|Any CPU.ActiveCfg = Release|Any CPU
		{088B7D11-65EE-4047-8CC5-5E14311F5E64}.Release|Any CPU.Build.0 = Release|Any CPU
		{EE5EEC5C-A97B-4495-86C8-C097FCF93034}.Debug|Any CPU.ActiveCfg = Debug|Any CPU
		{EE5EEC5C-A97B-4495-86C8-C097FCF93034}.Debug|Any CPU.Build.0 = Debug|Any CPU
		{EE5EEC5C-A97B-4495-86C8-C097FCF93034}.Release|Any CPU.ActiveCfg = Release|Any CPU
		{EE5EEC5C-A97B-4495-86C8-C097FCF93034}.Release|Any CPU.Build.0 = Release|Any CPU
		{285C16BE-3D1C-49CF-8400-399C0DA0A2D4}.Debug|Any CPU.ActiveCfg = Debug|Any CPU
		{285C16BE-3D1C-49CF-8400-399C0DA0A2D4}.Debug|Any CPU.Build.0 = Debug|Any CPU
		{285C16BE-3D1C-49CF-8400-399C0DA0A2D4}.Release|Any CPU.ActiveCfg = Release|Any CPU
		{285C16BE-3D1C-49CF-8400-399C0DA0A2D4}.Release|Any CPU.Build.0 = Release|Any CPU
	EndGlobalSection
	GlobalSection(SolutionProperties) = preSolution
		HideSolutionNode = FALSE
	EndGlobalSection
EndGlobal
